
Microsoft Visual Studio Solution File, Format Version 12.00
# Visual Studio Version 16
VisualStudioVersion = 16.0.29409.12
MinimumVisualStudioVersion = 10.0.40219.1
Project("{FAE04EC0-301F-11D3-BF4B-00C04F79EFBC}") = "Portfolio", "Portfolio.csproj", "{3F3AD1A1-3B63-4214-BCA2-DA367D392804}"
EndProject
Global
	GlobalSection(SolutionConfigurationPlatforms) = preSolution
		Debug|Any CPU = Debug|Any CPU
		Release|Any CPU = Release|Any CPU
	EndGlobalSection
	GlobalSection(ProjectConfigurationPlatforms) = postSolution
		{3F3AD1A1-3B63-4214-BCA2-DA367D392804}.Debug|Any CPU.ActiveCfg = Debug|Any CPU
		{3F3AD1A1-3B63-4214-BCA2-DA367D392804}.Debug|Any CPU.Build.0 = Debug|Any CPU
		{3F3AD1A1-3B63-4214-BCA2-DA367D392804}.Release|Any CPU.ActiveCfg = Release|Any CPU
		{3F3AD1A1-3B63-4214-BCA2-DA367D392804}.Release|Any CPU.Build.0 = Release|Any CPU
	EndGlobalSection
	GlobalSection(SolutionProperties) = preSolution
		HideSolutionNode = FALSE
	EndGlobalSection
	GlobalSection(ExtensibilityGlobals) = postSolution
		SolutionGuid = {6D898526-D152-4559-B82E-676C5123A535}
	EndGlobalSection
EndGlobal
